
Microsoft Visual Studio Solution File, Format Version 12.00
# Visual Studio Version 16
VisualStudioVersion = 16.0.29806.167
MinimumVisualStudioVersion = 10.0.40219.1
Project("{9A19103F-16F7-4668-BE54-9A1E7A4F7556}") = "LibRobot", "LibRobot\LibRobot.csproj", "{8339BC92-5CD6-498E-AE07-DAAC8CF357CC}"
EndProject
Project("{FAE04EC0-301F-11D3-BF4B-00C04F79EFBC}") = "RobotTest", "RobotTest\RobotTest.csproj", "{92F2C400-CEF5-4E33-8954-4E5901D9378E}"
EndProject
Global
	GlobalSection(SolutionConfigurationPlatforms) = preSolution
		Debug|Any CPU = Debug|Any CPU
		Release|Any CPU = Release|Any CPU
	EndGlobalSection
	GlobalSection(ProjectConfigurationPlatforms) = postSolution
		{8339BC92-5CD6-498E-AE07-DAAC8CF357CC}.Debug|Any CPU.ActiveCfg = Debug|Any CPU
		{8339BC92-5CD6-498E-AE07-DAAC8CF357CC}.Debug|Any CPU.Build.0 = Debug|Any CPU
		{8339BC92-5CD6-498E-AE07-DAAC8CF357CC}.Release|Any CPU.ActiveCfg = Release|Any CPU
		{8339BC92-5CD6-498E-AE07-DAAC8CF357CC}.Release|Any CPU.Build.0 = Release|Any CPU
		{92F2C400-CEF5-4E33-8954-4E5901D9378E}.Debug|Any CPU.ActiveCfg = Debug|Any CPU
		{92F2C400-CEF5-4E33-8954-4E5901D9378E}.Debug|Any CPU.Build.0 = Debug|Any CPU
		{92F2C400-CEF5-4E33-8954-4E5901D9378E}.Release|Any CPU.ActiveCfg = Release|Any CPU
		{92F2C400-CEF5-4E33-8954-4E5901D9378E}.Release|Any CPU.Build.0 = Release|Any CPU
	EndGlobalSection
	GlobalSection(SolutionProperties) = preSolution
		HideSolutionNode = FALSE
	EndGlobalSection
	GlobalSection(ExtensibilityGlobals) = postSolution
		SolutionGuid = {DACE5717-04DD-42CC-92C2-4FA50FCFF1F8}
	EndGlobalSection
EndGlobal
